
Microsoft Visual Studio Solution File, Format Version 12.00
# Visual Studio Version 17
VisualStudioVersion = 17.9.34723.18
MinimumVisualStudioVersion = 10.0.40219.1
Project("{2150E333-8FDC-42A3-9474-1A3956D46DE8}") = "SolutionItems", "SolutionItems", "{9F204CC8-9FE7-4114-984D-9D27E2F38041}"
	ProjectSection(SolutionItems) = preProject
		Plan.md = Plan.md
	EndProjectSection
EndProject
Project("{9A19103F-16F7-4668-BE54-9A1E7A4F7556}") = "Practice", "Practice\Practice.csproj", "{5B815A56-66A5-4214-9E61-0B0EB42FF972}"
EndProject
Global
	GlobalSection(SolutionConfigurationPlatforms) = preSolution
		Debug|Any CPU = Debug|Any CPU
		Release|Any CPU = Release|Any CPU
	EndGlobalSection
	GlobalSection(ProjectConfigurationPlatforms) = postSolution
		{5B815A56-66A5-4214-9E61-0B0EB42FF972}.Debug|Any CPU.ActiveCfg = Debug|Any CPU
		{5B815A56-66A5-4214-9E61-0B0EB42FF972}.Debug|Any CPU.Build.0 = Debug|Any CPU
		{5B815A56-66A5-4214-9E61-0B0EB42FF972}.Release|Any CPU.ActiveCfg = Release|Any CPU
		{5B815A56-66A5-4214-9E61-0B0EB42FF972}.Release|Any CPU.Build.0 = Release|Any CPU
	EndGlobalSection
	GlobalSection(SolutionProperties) = preSolution
		HideSolutionNode = FALSE
	EndGlobalSection
	GlobalSection(ExtensibilityGlobals) = postSolution
		SolutionGuid = {977EC3FF-2B43-460F-9D35-44CD84FD8552}
	EndGlobalSection
EndGlobal
