
Microsoft Visual Studio Solution File, Format Version 12.00
# Visual Studio Version 17
VisualStudioVersion = 17.9.34723.18
MinimumVisualStudioVersion = 10.0.40219.1
Project("{FAE04EC0-301F-11D3-BF4B-00C04F79EFBC}") = "PhoneNumberSearcher", "PhoneNumberSearcher\PhoneNumberSearcher.csproj", "{0205EEE5-625D-491D-AF54-13D8DFA18464}"
EndProject
Global
	GlobalSection(SolutionConfigurationPlatforms) = preSolution
		Debug|Any CPU = Debug|Any CPU
		Release|Any CPU = Release|Any CPU
	EndGlobalSection
	GlobalSection(ProjectConfigurationPlatforms) = postSolution
		{0205EEE5-625D-491D-AF54-13D8DFA18464}.Debug|Any CPU.ActiveCfg = Debug|Any CPU
		{0205EEE5-625D-491D-AF54-13D8DFA18464}.Debug|Any CPU.Build.0 = Debug|Any CPU
		{0205EEE5-625D-491D-AF54-13D8DFA18464}.Release|Any CPU.ActiveCfg = Release|Any CPU
		{0205EEE5-625D-491D-AF54-13D8DFA18464}.Release|Any CPU.Build.0 = Release|Any CPU
	EndGlobalSection
	GlobalSection(SolutionProperties) = preSolution
		HideSolutionNode = FALSE
	EndGlobalSection
	GlobalSection(ExtensibilityGlobals) = postSolution
		SolutionGuid = {143528E8-072B-43D2-8CEC-79E2B37856A9}
	EndGlobalSection
EndGlobal
