
Microsoft Visual Studio Solution File, Format Version 12.00
# Visual Studio Version 17
VisualStudioVersion = 17.9.34723.18
MinimumVisualStudioVersion = 10.0.40219.1
Project("{FAE04EC0-301F-11D3-BF4B-00C04F79EFBC}") = "Homework 1", "Homework 1\Homework 1.csproj", "{31ADF144-2B7B-4D9F-8D3D-A184CEF0B699}"
EndProject
Project("{FAE04EC0-301F-11D3-BF4B-00C04F79EFBC}") = "Homework 1.1", "Homework 1.1\Homework 1.1.csproj", "{6DAABCF1-C4F9-47A0-8CEF-B71467EC02BB}"
EndProject
Global
	GlobalSection(SolutionConfigurationPlatforms) = preSolution
		Debug|Any CPU = Debug|Any CPU
		Release|Any CPU = Release|Any CPU
	EndGlobalSection
	GlobalSection(ProjectConfigurationPlatforms) = postSolution
		{31ADF144-2B7B-4D9F-8D3D-A184CEF0B699}.Debug|Any CPU.ActiveCfg = Debug|Any CPU
		{31ADF144-2B7B-4D9F-8D3D-A184CEF0B699}.Debug|Any CPU.Build.0 = Debug|Any CPU
		{31ADF144-2B7B-4D9F-8D3D-A184CEF0B699}.Release|Any CPU.ActiveCfg = Release|Any CPU
		{31ADF144-2B7B-4D9F-8D3D-A184CEF0B699}.Release|Any CPU.Build.0 = Release|Any CPU
		{6DAABCF1-C4F9-47A0-8CEF-B71467EC02BB}.Debug|Any CPU.ActiveCfg = Debug|Any CPU
		{6DAABCF1-C4F9-47A0-8CEF-B71467EC02BB}.Debug|Any CPU.Build.0 = Debug|Any CPU
		{6DAABCF1-C4F9-47A0-8CEF-B71467EC02BB}.Release|Any CPU.ActiveCfg = Release|Any CPU
		{6DAABCF1-C4F9-47A0-8CEF-B71467EC02BB}.Release|Any CPU.Build.0 = Release|Any CPU
	EndGlobalSection
	GlobalSection(SolutionProperties) = preSolution
		HideSolutionNode = FALSE
	EndGlobalSection
	GlobalSection(ExtensibilityGlobals) = postSolution
		SolutionGuid = {55CB0B98-9759-4CEA-B5E8-53B03D80D9B2}
	EndGlobalSection
EndGlobal
