
Microsoft Visual Studio Solution File, Format Version 12.00
# Visual Studio Version 17
VisualStudioVersion = 17.9.34728.123
MinimumVisualStudioVersion = 10.0.40219.1
Project("{FAE04EC0-301F-11D3-BF4B-00C04F79EFBC}") = "Engineers", "Engineers\Engineers.csproj", "{6BB929EC-491D-462E-A672-4B655B184D51}"
EndProject
Global
	GlobalSection(SolutionConfigurationPlatforms) = preSolution
		Debug|Any CPU = Debug|Any CPU
		Release|Any CPU = Release|Any CPU
	EndGlobalSection
	GlobalSection(ProjectConfigurationPlatforms) = postSolution
		{6BB929EC-491D-462E-A672-4B655B184D51}.Debug|Any CPU.ActiveCfg = Debug|Any CPU
		{6BB929EC-491D-462E-A672-4B655B184D51}.Debug|Any CPU.Build.0 = Debug|Any CPU
		{6BB929EC-491D-462E-A672-4B655B184D51}.Release|Any CPU.ActiveCfg = Release|Any CPU
		{6BB929EC-491D-462E-A672-4B655B184D51}.Release|Any CPU.Build.0 = Release|Any CPU
	EndGlobalSection
	GlobalSection(SolutionProperties) = preSolution
		HideSolutionNode = FALSE
	EndGlobalSection
	GlobalSection(ExtensibilityGlobals) = postSolution
		SolutionGuid = {55DC8BD3-4423-4D71-8583-C74C5EB35725}
	EndGlobalSection
EndGlobal
