
Microsoft Visual Studio Solution File, Format Version 12.00
# Visual Studio Version 17
VisualStudioVersion = 17.9.34723.18
MinimumVisualStudioVersion = 10.0.40219.1
Project("{FAE04EC0-301F-11D3-BF4B-00C04F79EFBC}") = "CycledList", "CycledList\CycledList.csproj", "{56102829-5D6F-4BCE-96CC-2B0A16F45810}"
EndProject
Global
	GlobalSection(SolutionConfigurationPlatforms) = preSolution
		Debug|Any CPU = Debug|Any CPU
		Release|Any CPU = Release|Any CPU
	EndGlobalSection
	GlobalSection(ProjectConfigurationPlatforms) = postSolution
		{56102829-5D6F-4BCE-96CC-2B0A16F45810}.Debug|Any CPU.ActiveCfg = Debug|Any CPU
		{56102829-5D6F-4BCE-96CC-2B0A16F45810}.Debug|Any CPU.Build.0 = Debug|Any CPU
		{56102829-5D6F-4BCE-96CC-2B0A16F45810}.Release|Any CPU.ActiveCfg = Release|Any CPU
		{56102829-5D6F-4BCE-96CC-2B0A16F45810}.Release|Any CPU.Build.0 = Release|Any CPU
	EndGlobalSection
	GlobalSection(SolutionProperties) = preSolution
		HideSolutionNode = FALSE
	EndGlobalSection
	GlobalSection(ExtensibilityGlobals) = postSolution
		SolutionGuid = {06097B41-703C-4311-867F-B68F5C382BDF}
	EndGlobalSection
EndGlobal
